
Microsoft Visual Studio Solution File, Format Version 12.00
# Visual Studio Version 17
VisualStudioVersion = 17.2.32519.379
MinimumVisualStudioVersion = 10.0.40219.1
Project("{9A19103F-16F7-4668-BE54-9A1E7A4F7556}") = "Byndyusoft.Net.Kafka", "src\Byndyusoft.Net.Kafka\Byndyusoft.Net.Kafka.csproj", "{77F03E9B-FD33-4B1D-B365-059B6FCC9A3A}"
EndProject
Project("{2150E333-8FDC-42A3-9474-1A3956D46DE8}") = "src", "src", "{079DB9FC-E5C1-45CC-8A95-51467AA778CC}"
EndProject
Project("{2150E333-8FDC-42A3-9474-1A3956D46DE8}") = "example", "example", "{1EAB6FF4-DF20-4AB4-91F6-C64D63519EBC}"
EndProject
Project("{FAE04EC0-301F-11D3-BF4B-00C04F79EFBC}") = "Example.WebApplication", "Example.WebApplication\Example.WebApplication.csproj", "{06D95D66-2F06-4623-8ACE-FD6171DC8D95}"
EndProject
Project("{2150E333-8FDC-42A3-9474-1A3956D46DE8}") = "tests", "tests", "{D1F32658-BD8F-4585-B599-D9B2C29859D2}"
EndProject
Project("{FAE04EC0-301F-11D3-BF4B-00C04F79EFBC}") = "ExampleTests", "tests\ExampleTests\ExampleTests.csproj", "{12484485-5829-49FB-8DAF-5BDCB93AB8C5}"
EndProject
Project("{FAE04EC0-301F-11D3-BF4B-00C04F79EFBC}") = "Byndyusoft.Net.Kafka.Abstractions", "src\Byndyusoft.Net.Kafka.Abstractions\Byndyusoft.Net.Kafka.Abstractions.csproj", "{6B508F10-D80F-4E00-A2AC-AFDD31FDDD1E}"
EndProject
Project("{2150E333-8FDC-42A3-9474-1A3956D46DE8}") = "SolutionItems", "SolutionItems", "{ABFA613B-E45A-4A10-BCAD-0476BD6E6B28}"
	ProjectSection(SolutionItems) = preProject
		Directory.Build.props = Directory.Build.props
		README.md = README.md
		docker-compose.yml = docker-compose.yml
		.gitignore = .gitignore
		icon.png = icon.png
		LICENSE = LICENSE
	EndProjectSection
EndProject
Project("{2150E333-8FDC-42A3-9474-1A3956D46DE8}") = ".github", ".github", "{D1DCE845-3951-4CF0-8DD4-EB0241345E3C}"
EndProject
Project("{2150E333-8FDC-42A3-9474-1A3956D46DE8}") = "workflow", "workflow", "{17771C9D-D2DB-496D-9DC8-B78C94E05F94}"
	ProjectSection(SolutionItems) = preProject
		.github\workflows\release.yml = .github\workflows\release.yml
		.github\workflows\releasePrerelease.yml = .github\workflows\releasePrerelease.yml
		.github\workflows\pushOrPullRequest.yml = .github\workflows\pushOrPullRequest.yml
	EndProjectSection
EndProject
Global
	GlobalSection(SolutionConfigurationPlatforms) = preSolution
		Debug|Any CPU = Debug|Any CPU
		Release|Any CPU = Release|Any CPU
	EndGlobalSection
	GlobalSection(ProjectConfigurationPlatforms) = postSolution
		{77F03E9B-FD33-4B1D-B365-059B6FCC9A3A}.Debug|Any CPU.ActiveCfg = Debug|Any CPU
		{77F03E9B-FD33-4B1D-B365-059B6FCC9A3A}.Debug|Any CPU.Build.0 = Debug|Any CPU
		{77F03E9B-FD33-4B1D-B365-059B6FCC9A3A}.Release|Any CPU.ActiveCfg = Release|Any CPU
		{77F03E9B-FD33-4B1D-B365-059B6FCC9A3A}.Release|Any CPU.Build.0 = Release|Any CPU
		{06D95D66-2F06-4623-8ACE-FD6171DC8D95}.Debug|Any CPU.ActiveCfg = Debug|Any CPU
		{06D95D66-2F06-4623-8ACE-FD6171DC8D95}.Debug|Any CPU.Build.0 = Debug|Any CPU
		{06D95D66-2F06-4623-8ACE-FD6171DC8D95}.Release|Any CPU.ActiveCfg = Release|Any CPU
		{06D95D66-2F06-4623-8ACE-FD6171DC8D95}.Release|Any CPU.Build.0 = Release|Any CPU
		{12484485-5829-49FB-8DAF-5BDCB93AB8C5}.Debug|Any CPU.ActiveCfg = Debug|Any CPU
		{12484485-5829-49FB-8DAF-5BDCB93AB8C5}.Debug|Any CPU.Build.0 = Debug|Any CPU
		{12484485-5829-49FB-8DAF-5BDCB93AB8C5}.Release|Any CPU.ActiveCfg = Release|Any CPU
		{12484485-5829-49FB-8DAF-5BDCB93AB8C5}.Release|Any CPU.Build.0 = Release|Any CPU
		{6B508F10-D80F-4E00-A2AC-AFDD31FDDD1E}.Debug|Any CPU.ActiveCfg = Debug|Any CPU
		{6B508F10-D80F-4E00-A2AC-AFDD31FDDD1E}.Debug|Any CPU.Build.0 = Debug|Any CPU
		{6B508F10-D80F-4E00-A2AC-AFDD31FDDD1E}.Release|Any CPU.ActiveCfg = Release|Any CPU
		{6B508F10-D80F-4E00-A2AC-AFDD31FDDD1E}.Release|Any CPU.Build.0 = Release|Any CPU
	EndGlobalSection
	GlobalSection(SolutionProperties) = preSolution
		HideSolutionNode = FALSE
	EndGlobalSection
	GlobalSection(ExtensibilityGlobals) = postSolution
		SolutionGuid = {C5A3EF0C-96D2-472C-A367-AB34B065DC56}
	EndGlobalSection
	GlobalSection(NestedProjects) = preSolution
		{77F03E9B-FD33-4B1D-B365-059B6FCC9A3A} = {079DB9FC-E5C1-45CC-8A95-51467AA778CC}
		{06D95D66-2F06-4623-8ACE-FD6171DC8D95} = {1EAB6FF4-DF20-4AB4-91F6-C64D63519EBC}
		{12484485-5829-49FB-8DAF-5BDCB93AB8C5} = {D1F32658-BD8F-4585-B599-D9B2C29859D2}
		{6B508F10-D80F-4E00-A2AC-AFDD31FDDD1E} = {079DB9FC-E5C1-45CC-8A95-51467AA778CC}
		{17771C9D-D2DB-496D-9DC8-B78C94E05F94} = {D1DCE845-3951-4CF0-8DD4-EB0241345E3C}
	EndGlobalSection
EndGlobal
