
Microsoft Visual Studio Solution File, Format Version 12.00
# Visual Studio Version 17
VisualStudioVersion = 17.7.34003.232
MinimumVisualStudioVersion = 10.0.40219.1
Project("{9A19103F-16F7-4668-BE54-9A1E7A4F7556}") = "Byndyusoft.Net.Kafka", "src\Byndyusoft.Net.Kafka\Byndyusoft.Net.Kafka.csproj", "{77F03E9B-FD33-4B1D-B365-059B6FCC9A3A}"
EndProject
Project("{2150E333-8FDC-42A3-9474-1A3956D46DE8}") = "SolutionItems", "SolutionItems", "{ABFA613B-E45A-4A10-BCAD-0476BD6E6B28}"
	ProjectSection(SolutionItems) = preProject
		.gitignore = .gitignore
		Directory.Build.props = Directory.Build.props
		docker-compose.yml = docker-compose.yml
		icon.png = icon.png
		LICENSE = LICENSE
		README.md = README.md
	EndProjectSection
EndProject
Project("{2150E333-8FDC-42A3-9474-1A3956D46DE8}") = ".github", ".github", "{D1DCE845-3951-4CF0-8DD4-EB0241345E3C}"
EndProject
Project("{2150E333-8FDC-42A3-9474-1A3956D46DE8}") = "workflow", "workflow", "{17771C9D-D2DB-496D-9DC8-B78C94E05F94}"
	ProjectSection(SolutionItems) = preProject
		.github\workflows\pushOrPullRequest.yml = .github\workflows\pushOrPullRequest.yml
		.github\workflows\release.yml = .github\workflows\release.yml
		.github\workflows\releasePrerelease.yml = .github\workflows\releasePrerelease.yml
	EndProjectSection
EndProject
Project("{9A19103F-16F7-4668-BE54-9A1E7A4F7556}") = "Byndyusoft.Net.Kafka.Sample", "src\Byndyusoft.Net.Kafka.Sample\Byndyusoft.Net.Kafka.Sample.csproj", "{6FB67077-FD8B-4428-AB60-5ED7FBDA6D95}"
EndProject
Project("{9A19103F-16F7-4668-BE54-9A1E7A4F7556}") = "Byndyusoft.Net.Kafka.Sample.Contracts", "src\Byndyusoft.Net.Kafka.Sample.Contracts\Byndyusoft.Net.Kafka.Sample.Contracts.csproj", "{A9A717E4-0277-4E21-8F12-9BC57ACA8973}"
EndProject
Project("{FAE04EC0-301F-11D3-BF4B-00C04F79EFBC}") = "Byndyusoft.Net.Kafka.Tests", "src\Byndyusoft.Net.Kafka.Tests\Byndyusoft.Net.Kafka.Tests.csproj", "{B78EA760-26CD-4D0C-8324-31ECF0DA0013}"
EndProject
Global
	GlobalSection(SolutionConfigurationPlatforms) = preSolution
		Debug|Any CPU = Debug|Any CPU
		Release|Any CPU = Release|Any CPU
	EndGlobalSection
	GlobalSection(ProjectConfigurationPlatforms) = postSolution
		{77F03E9B-FD33-4B1D-B365-059B6FCC9A3A}.Debug|Any CPU.ActiveCfg = Debug|Any CPU
		{77F03E9B-FD33-4B1D-B365-059B6FCC9A3A}.Debug|Any CPU.Build.0 = Debug|Any CPU
		{77F03E9B-FD33-4B1D-B365-059B6FCC9A3A}.Release|Any CPU.ActiveCfg = Release|Any CPU
		{77F03E9B-FD33-4B1D-B365-059B6FCC9A3A}.Release|Any CPU.Build.0 = Release|Any CPU
		{6FB67077-FD8B-4428-AB60-5ED7FBDA6D95}.Debug|Any CPU.ActiveCfg = Debug|Any CPU
		{6FB67077-FD8B-4428-AB60-5ED7FBDA6D95}.Debug|Any CPU.Build.0 = Debug|Any CPU
		{6FB67077-FD8B-4428-AB60-5ED7FBDA6D95}.Release|Any CPU.ActiveCfg = Release|Any CPU
		{6FB67077-FD8B-4428-AB60-5ED7FBDA6D95}.Release|Any CPU.Build.0 = Release|Any CPU
		{A9A717E4-0277-4E21-8F12-9BC57ACA8973}.Debug|Any CPU.ActiveCfg = Debug|Any CPU
		{A9A717E4-0277-4E21-8F12-9BC57ACA8973}.Debug|Any CPU.Build.0 = Debug|Any CPU
		{A9A717E4-0277-4E21-8F12-9BC57ACA8973}.Release|Any CPU.ActiveCfg = Release|Any CPU
		{A9A717E4-0277-4E21-8F12-9BC57ACA8973}.Release|Any CPU.Build.0 = Release|Any CPU
		{B78EA760-26CD-4D0C-8324-31ECF0DA0013}.Debug|Any CPU.ActiveCfg = Debug|Any CPU
		{B78EA760-26CD-4D0C-8324-31ECF0DA0013}.Debug|Any CPU.Build.0 = Debug|Any CPU
		{B78EA760-26CD-4D0C-8324-31ECF0DA0013}.Release|Any CPU.ActiveCfg = Release|Any CPU
		{B78EA760-26CD-4D0C-8324-31ECF0DA0013}.Release|Any CPU.Build.0 = Release|Any CPU
	EndGlobalSection
	GlobalSection(SolutionProperties) = preSolution
		HideSolutionNode = FALSE
	EndGlobalSection
	GlobalSection(NestedProjects) = preSolution
		{17771C9D-D2DB-496D-9DC8-B78C94E05F94} = {D1DCE845-3951-4CF0-8DD4-EB0241345E3C}
	EndGlobalSection
	GlobalSection(ExtensibilityGlobals) = postSolution
		SolutionGuid = {C5A3EF0C-96D2-472C-A367-AB34B065DC56}
	EndGlobalSection
EndGlobal
